# THIS IS AN AUTOGENERATED FILE. DO NOT EDIT THIS FILE DIRECTLY.
# yarn lockfile v1


css-spring@^4.1.0:
  version "4.1.0"
  resolved "https://registry.yarnpkg.com/css-spring/-/css-spring-4.1.0.tgz#457de80c7df5b867ac0693332b54b2acb57c4583"
  dependencies:
    lodash "^4.17.4"

lodash@^4.17.4:
  version "4.17.11"
  resolved "https://registry.yarnpkg.com/lodash/-/lodash-4.17.11.tgz#b39ea6229ef607ecd89e2c8df12536891cac9b8d"
